// !$*UTF8*$!
{
	archiveVersion = 1;
	classes = {
	};
	objectVersion = 50;
	objects = {

/* Begin PBXBuildFile section */
		08C7DBB4A85B953B760807D7 /* Pods_Hackfest2018.framework in Frameworks */ = {isa = PBXBuildFile; fileRef = 20700DC12FCF4B94127AF09B /* Pods_Hackfest2018.framework */; };
		88F49635218DA4BA00108415 /* AppDelegate.swift in Sources */ = {isa = PBXBuildFile; fileRef = 88F49634218DA4BA00108415 /* AppDelegate.swift */; };
		88F49637218DA4BA00108415 /* PickImageViewController.swift in Sources */ = {isa = PBXBuildFile; fileRef = 88F49636218DA4BA00108415 /* PickImageViewController.swift */; };
		88F4963C218DA4BD00108415 /* Assets.xcassets in Resources */ = {isa = PBXBuildFile; fileRef = 88F4963B218DA4BD00108415 /* Assets.xcassets */; };
		88F4963F218DA4BD00108415 /* LaunchScreen.storyboard in Resources */ = {isa = PBXBuildFile; fileRef = 88F4963D218DA4BD00108415 /* LaunchScreen.storyboard */; };
		88F49647218DA67F00108415 /* Podfile in Resources */ = {isa = PBXBuildFile; fileRef = 88F49646218DA67F00108415 /* Podfile */; };
		88F49649218DAA3C00108415 /* AppCoordinator.swift in Sources */ = {isa = PBXBuildFile; fileRef = 88F49648218DAA3C00108415 /* AppCoordinator.swift */; };
		88F4964B218DC1B900108415 /* ImageViewController.swift in Sources */ = {isa = PBXBuildFile; fileRef = 88F4964A218DC1B800108415 /* ImageViewController.swift */; };
		88F4964D218DCBC200108415 /* UIImage+FaceLandmarks.swift in Sources */ = {isa = PBXBuildFile; fileRef = 88F4964C218DCBC200108415 /* UIImage+FaceLandmarks.swift */; };
		88F4964F218DCE9900108415 /* CGImagePropertyOrientation+UIImageOrientation.swift in Sources */ = {isa = PBXBuildFile; fileRef = 88F4964E218DCE9900108415 /* CGImagePropertyOrientation+UIImageOrientation.swift */; };
		88F49652218DD5AC00108415 /* Constants.swift in Sources */ = {isa = PBXBuildFile; fileRef = 88F49651218DD5AC00108415 /* Constants.swift */; };
		88F49654218DE7D100108415 /* UIViewController+Alert.swift in Sources */ = {isa = PBXBuildFile; fileRef = 88F49653218DE7D100108415 /* UIViewController+Alert.swift */; };
		88F49656218DEBE900108415 /* Sequence+Arithmetic.swift in Sources */ = {isa = PBXBuildFile; fileRef = 88F49655218DEBE900108415 /* Sequence+Arithmetic.swift */; };
		88F49658218E026F00108415 /* PassportImageCropper.swift in Sources */ = {isa = PBXBuildFile; fileRef = 88F49657218E026F00108415 /* PassportImageCropper.swift */; };
		88F4965A218E0AFF00108415 /* UIImage+FixedOrientation.swift in Sources */ = {isa = PBXBuildFile; fileRef = 88F49659218E0AFF00108415 /* UIImage+FixedOrientation.swift */; };
/* End PBXBuildFile section */

/* Begin PBXFileReference section */
		20700DC12FCF4B94127AF09B /* Pods_Hackfest2018.framework */ = {isa = PBXFileReference; explicitFileType = wrapper.framework; includeInIndex = 0; path = Pods_Hackfest2018.framework; sourceTree = BUILT_PRODUCTS_DIR; };
		5E5007F2D2D0B70BA999FA97 /* Pods-Hackfest2018.debug.xcconfig */ = {isa = PBXFileReference; includeInIndex = 1; lastKnownFileType = text.xcconfig; name = "Pods-Hackfest2018.debug.xcconfig"; path = "Pods/Target Support Files/Pods-Hackfest2018/Pods-Hackfest2018.debug.xcconfig"; sourceTree = "<group>"; };
		88F49631218DA4BA00108415 /* Hackfest2018.app */ = {isa = PBXFileReference; explicitFileType = wrapper.application; includeInIndex = 0; path = Hackfest2018.app; sourceTree = BUILT_PRODUCTS_DIR; };
		88F49634218DA4BA00108415 /* AppDelegate.swift */ = {isa = PBXFileReference; lastKnownFileType = sourcecode.swift; path = AppDelegate.swift; sourceTree = "<group>"; };
		88F49636218DA4BA00108415 /* PickImageViewController.swift */ = {isa = PBXFileReference; lastKnownFileType = sourcecode.swift; path = PickImageViewController.swift; sourceTree = "<group>"; };
		88F4963B218DA4BD00108415 /* Assets.xcassets */ = {isa = PBXFileReference; lastKnownFileType = folder.assetcatalog; path = Assets.xcassets; sourceTree = "<group>"; };
		88F4963E218DA4BD00108415 /* Base */ = {isa = PBXFileReference; lastKnownFileType = file.storyboard; name = Base; path = Base.lproj/LaunchScreen.storyboard; sourceTree = "<group>"; };
		88F49640218DA4BD00108415 /* Info.plist */ = {isa = PBXFileReference; lastKnownFileType = text.plist.xml; path = Info.plist; sourceTree = "<group>"; };
		88F49646218DA67F00108415 /* Podfile */ = {isa = PBXFileReference; fileEncoding = 4; lastKnownFileType = text; path = Podfile; sourceTree = SOURCE_ROOT; xcLanguageSpecificationIdentifier = xcode.lang.ruby; };
		88F49648218DAA3C00108415 /* AppCoordinator.swift */ = {isa = PBXFileReference; lastKnownFileType = sourcecode.swift; path = AppCoordinator.swift; sourceTree = "<group>"; };
		88F4964A218DC1B800108415 /* ImageViewController.swift */ = {isa = PBXFileReference; lastKnownFileType = sourcecode.swift; path = ImageViewController.swift; sourceTree = "<group>"; };
		88F4964C218DCBC200108415 /* UIImage+FaceLandmarks.swift */ = {isa = PBXFileReference; lastKnownFileType = sourcecode.swift; path = "UIImage+FaceLandmarks.swift"; sourceTree = "<group>"; };
		88F4964E218DCE9900108415 /* CGImagePropertyOrientation+UIImageOrientation.swift */ = {isa = PBXFileReference; lastKnownFileType = sourcecode.swift; path = "CGImagePropertyOrientation+UIImageOrientation.swift"; sourceTree = "<group>"; };
		88F49651218DD5AC00108415 /* Constants.swift */ = {isa = PBXFileReference; lastKnownFileType = sourcecode.swift; path = Constants.swift; sourceTree = "<group>"; };
		88F49653218DE7D100108415 /* UIViewController+Alert.swift */ = {isa = PBXFileReference; lastKnownFileType = sourcecode.swift; path = "UIViewController+Alert.swift"; sourceTree = "<group>"; };
		88F49655218DEBE900108415 /* Sequence+Arithmetic.swift */ = {isa = PBXFileReference; lastKnownFileType = sourcecode.swift; path = "Sequence+Arithmetic.swift"; sourceTree = "<group>"; };
		88F49657218E026F00108415 /* PassportImageCropper.swift */ = {isa = PBXFileReference; lastKnownFileType = sourcecode.swift; path = PassportImageCropper.swift; sourceTree = "<group>"; };
		88F49659218E0AFF00108415 /* UIImage+FixedOrientation.swift */ = {isa = PBXFileReference; lastKnownFileType = sourcecode.swift; path = "UIImage+FixedOrientation.swift"; sourceTree = "<group>"; };
		96C13ADEAAA356774B54F994 /* Pods-Hackfest2018.release.xcconfig */ = {isa = PBXFileReference; includeInIndex = 1; lastKnownFileType = text.xcconfig; name = "Pods-Hackfest2018.release.xcconfig"; path = "Pods/Target Support Files/Pods-Hackfest2018/Pods-Hackfest2018.release.xcconfig"; sourceTree = "<group>"; };
/* End PBXFileReference section */

/* Begin PBXFrameworksBuildPhase section */
		88F4962E218DA4BA00108415 /* Frameworks */ = {
			isa = PBXFrameworksBuildPhase;
			buildActionMask = 2147483647;
			files = (
				08C7DBB4A85B953B760807D7 /* Pods_Hackfest2018.framework in Frameworks */,
			);
			runOnlyForDeploymentPostprocessing = 0;
		};
/* End PBXFrameworksBuildPhase section */

/* Begin PBXGroup section */
		40E97C8A7BA256F0CABC6A17 /* Frameworks */ = {
			isa = PBXGroup;
			children = (
				20700DC12FCF4B94127AF09B /* Pods_Hackfest2018.framework */,
			);
			name = Frameworks;
			sourceTree = "<group>";
		};
		88F49628218DA4BA00108415 = {
			isa = PBXGroup;
			children = (
				88F49633218DA4BA00108415 /* Hackfest2018 */,
				88F49632218DA4BA00108415 /* Products */,
				EB38237910C8320F629929DF /* Pods */,
				40E97C8A7BA256F0CABC6A17 /* Frameworks */,
			);
			sourceTree = "<group>";
		};
		88F49632218DA4BA00108415 /* Products */ = {
			isa = PBXGroup;
			children = (
				88F49631218DA4BA00108415 /* Hackfest2018.app */,
			);
			name = Products;
			sourceTree = "<group>";
		};
		88F49633218DA4BA00108415 /* Hackfest2018 */ = {
			isa = PBXGroup;
			children = (
				88F49651218DD5AC00108415 /* Constants.swift */,
				88F49634218DA4BA00108415 /* AppDelegate.swift */,
				88F49648218DAA3C00108415 /* AppCoordinator.swift */,
				88F49636218DA4BA00108415 /* PickImageViewController.swift */,
				88F4964A218DC1B800108415 /* ImageViewController.swift */,
				88F49657218E026F00108415 /* PassportImageCropper.swift */,
				88F49650218DCED800108415 /* Extensions */,
				88F4963B218DA4BD00108415 /* Assets.xcassets */,
				88F4963D218DA4BD00108415 /* LaunchScreen.storyboard */,
				88F49640218DA4BD00108415 /* Info.plist */,
				88F49646218DA67F00108415 /* Podfile */,
			);
			path = Hackfest2018;
			sourceTree = "<group>";
		};
		88F49650218DCED800108415 /* Extensions */ = {
			isa = PBXGroup;
			children = (
				88F4964C218DCBC200108415 /* UIImage+FaceLandmarks.swift */,
				88F49659218E0AFF00108415 /* UIImage+FixedOrientation.swift */,
				88F4964E218DCE9900108415 /* CGImagePropertyOrientation+UIImageOrientation.swift */,
				88F49653218DE7D100108415 /* UIViewController+Alert.swift */,
				88F49655218DEBE900108415 /* Sequence+Arithmetic.swift */,
			);
			path = Extensions;
			sourceTree = "<group>";
		};
		EB38237910C8320F629929DF /* Pods */ = {
			isa = PBXGroup;
			children = (
				5E5007F2D2D0B70BA999FA97 /* Pods-Hackfest2018.debug.xcconfig */,
				96C13ADEAAA356774B54F994 /* Pods-Hackfest2018.release.xcconfig */,
			);
			name = Pods;
			sourceTree = "<group>";
		};
/* End PBXGroup section */

/* Begin PBXNativeTarget section */
		88F49630218DA4BA00108415 /* Hackfest2018 */ = {
			isa = PBXNativeTarget;
			buildConfigurationList = 88F49643218DA4BD00108415 /* Build configuration list for PBXNativeTarget "Hackfest2018" */;
			buildPhases = (
				8882B49C4B95F6124CE153DE /* [CP] Check Pods Manifest.lock */,
				88F4962D218DA4BA00108415 /* Sources */,
				88F4962E218DA4BA00108415 /* Frameworks */,
				88F4962F218DA4BA00108415 /* Resources */,
				0505687DBE93828A8EE67BDE /* [CP] Embed Pods Frameworks */,
			);
			buildRules = (
			);
			dependencies = (
			);
			name = Hackfest2018;
			productName = Hackfest2018;
			productReference = 88F49631218DA4BA00108415 /* Hackfest2018.app */;
			productType = "com.apple.product-type.application";
		};
/* End PBXNativeTarget section */

/* Begin PBXProject section */
		88F49629218DA4BA00108415 /* Project object */ = {
			isa = PBXProject;
			attributes = {
				LastSwiftUpdateCheck = 1000;
				LastUpgradeCheck = 1000;
				ORGANIZATIONNAME = "Samuli Tamminen";
				TargetAttributes = {
					88F49630218DA4BA00108415 = {
						CreatedOnToolsVersion = 10.0;
					};
				};
			};
			buildConfigurationList = 88F4962C218DA4BA00108415 /* Build configuration list for PBXProject "Hackfest2018" */;
			compatibilityVersion = "Xcode 9.3";
			developmentRegion = en;
			hasScannedForEncodings = 0;
			knownRegions = (
				en,
				Base,
			);
			mainGroup = 88F49628218DA4BA00108415;
			productRefGroup = 88F49632218DA4BA00108415 /* Products */;
			projectDirPath = "";
			projectRoot = "";
			targets = (
				88F49630218DA4BA00108415 /* Hackfest2018 */,
			);
		};
/* End PBXProject section */

/* Begin PBXResourcesBuildPhase section */
		88F4962F218DA4BA00108415 /* Resources */ = {
			isa = PBXResourcesBuildPhase;
			buildActionMask = 2147483647;
			files = (
				88F4963F218DA4BD00108415 /* LaunchScreen.storyboard in Resources */,
				88F4963C218DA4BD00108415 /* Assets.xcassets in Resources */,
				88F49647218DA67F00108415 /* Podfile in Resources */,
			);
			runOnlyForDeploymentPostprocessing = 0;
		};
/* End PBXResourcesBuildPhase section */

/* Begin PBXShellScriptBuildPhase section */
		0505687DBE93828A8EE67BDE /* [CP] Embed Pods Frameworks */ = {
			isa = PBXShellScriptBuildPhase;
			buildActionMask = 2147483647;
			files = (
			);
			inputPaths = (
				"${SRCROOT}/Pods/Target Support Files/Pods-Hackfest2018/Pods-Hackfest2018-frameworks.sh",
				"${BUILT_PRODUCTS_DIR}/SnapKit/SnapKit.framework",
				"${BUILT_PRODUCTS_DIR}/SwiftyButton/SwiftyButton.framework",
			);
			name = "[CP] Embed Pods Frameworks";
			outputPaths = (
				"${TARGET_BUILD_DIR}/${FRAMEWORKS_FOLDER_PATH}/SnapKit.framework",
				"${TARGET_BUILD_DIR}/${FRAMEWORKS_FOLDER_PATH}/SwiftyButton.framework",
			);
			runOnlyForDeploymentPostprocessing = 0;
			shellPath = /bin/sh;
			shellScript = "\"${SRCROOT}/Pods/Target Support Files/Pods-Hackfest2018/Pods-Hackfest2018-frameworks.sh\"\n";
			showEnvVarsInLog = 0;
		};
		8882B49C4B95F6124CE153DE /* [CP] Check Pods Manifest.lock */ = {
			isa = PBXShellScriptBuildPhase;
			buildActionMask = 2147483647;
			files = (
			);
			inputPaths = (
				"${PODS_PODFILE_DIR_PATH}/Podfile.lock",
				"${PODS_ROOT}/Manifest.lock",
			);
			name = "[CP] Check Pods Manifest.lock";
			outputPaths = (
				"$(DERIVED_FILE_DIR)/Pods-Hackfest2018-checkManifestLockResult.txt",
			);
			runOnlyForDeploymentPostprocessing = 0;
			shellPath = /bin/sh;
			shellScript = "diff \"${PODS_PODFILE_DIR_PATH}/Podfile.lock\" \"${PODS_ROOT}/Manifest.lock\" > /dev/null\nif [ $? != 0 ] ; then\n    # print error to STDERR\n    echo \"error: The sandbox is not in sync with the Podfile.lock. Run 'pod install' or update your CocoaPods installation.\" >&2\n    exit 1\nfi\n# This output is used by Xcode 'outputs' to avoid re-running this script phase.\necho \"SUCCESS\" > \"${SCRIPT_OUTPUT_FILE_0}\"\n";
			showEnvVarsInLog = 0;
		};
/* End PBXShellScriptBuildPhase section */

/* Begin PBXSourcesBuildPhase section */
		88F4962D218DA4BA00108415 /* Sources */ = {
			isa = PBXSourcesBuildPhase;
			buildActionMask = 2147483647;
			files = (
				88F49649218DAA3C00108415 /* AppCoordinator.swift in Sources */,
				88F49637218DA4BA00108415 /* PickImageViewController.swift in Sources */,
				88F4964D218DCBC200108415 /* UIImage+FaceLandmarks.swift in Sources */,
				88F4964B218DC1B900108415 /* ImageViewController.swift in Sources */,
				88F4965A218E0AFF00108415 /* UIImage+FixedOrientation.swift in Sources */,
				88F49652218DD5AC00108415 /* Constants.swift in Sources */,
				88F4964F218DCE9900108415 /* CGImagePropertyOrientation+UIImageOrientation.swift in Sources */,
				88F49635218DA4BA00108415 /* AppDelegate.swift in Sources */,
				88F49658218E026F00108415 /* PassportImageCropper.swift in Sources */,
				88F49654218DE7D100108415 /* UIViewController+Alert.swift in Sources */,
				88F49656218DEBE900108415 /* Sequence+Arithmetic.swift in Sources */,
			);
			runOnlyForDeploymentPostprocessing = 0;
		};
/* End PBXSourcesBuildPhase section */

/* Begin PBXVariantGroup section */
		88F4963D218DA4BD00108415 /* LaunchScreen.storyboard */ = {
			isa = PBXVariantGroup;
			children = (
				88F4963E218DA4BD00108415 /* Base */,
			);
			name = LaunchScreen.storyboard;
			sourceTree = "<group>";
		};
/* End PBXVariantGroup section */

/* Begin XCBuildConfiguration section */
		88F49641218DA4BD00108415 /* Debug */ = {
			isa = XCBuildConfiguration;
			buildSettings = {
				ALWAYS_SEARCH_USER_PATHS = NO;
				CLANG_ANALYZER_NONNULL = YES;
				CLANG_ANALYZER_NUMBER_OBJECT_CONVERSION = YES_AGGRESSIVE;
				CLANG_CXX_LANGUAGE_STANDARD = "gnu++14";
				CLANG_CXX_LIBRARY = "libc++";
				CLANG_ENABLE_MODULES = YES;
				CLANG_ENABLE_OBJC_ARC = YES;
				CLANG_ENABLE_OBJC_WEAK = YES;
				CLANG_WARN_BLOCK_CAPTURE_AUTORELEASING = YES;
				CLANG_WARN_BOOL_CONVERSION = YES;
				CLANG_WARN_COMMA = YES;
				CLANG_WARN_CONSTANT_CONVERSION = YES;
				CLANG_WARN_DEPRECATED_OBJC_IMPLEMENTATIONS = YES;
				CLANG_WARN_DIRECT_OBJC_ISA_USAGE = YES_ERROR;
				CLANG_WARN_DOCUMENTATION_COMMENTS = YES;
				CLANG_WARN_EMPTY_BODY = YES;
				CLANG_WARN_ENUM_CONVERSION = YES;
				CLANG_WARN_INFINITE_RECURSION = YES;
				CLANG_WARN_INT_CONVERSION = YES;
				CLANG_WARN_NON_LITERAL_NULL_CONVERSION = YES;
				CLANG_WARN_OBJC_IMPLICIT_RETAIN_SELF = YES;
				CLANG_WARN_OBJC_LITERAL_CONVERSION = YES;
				CLANG_WARN_OBJC_ROOT_CLASS = YES_ERROR;
				CLANG_WARN_RANGE_LOOP_ANALYSIS = YES;
				CLANG_WARN_STRICT_PROTOTYPES = YES;
				CLANG_WARN_SUSPICIOUS_MOVE = YES;
				CLANG_WARN_UNGUARDED_AVAILABILITY = YES_AGGRESSIVE;
				CLANG_WARN_UNREACHABLE_CODE = YES;
				CLANG_WARN__DUPLICATE_METHOD_MATCH = YES;
				CODE_SIGN_IDENTITY = "iPhone Developer";
				COPY_PHASE_STRIP = NO;
				DEBUG_INFORMATION_FORMAT = dwarf;
				ENABLE_STRICT_OBJC_MSGSEND = YES;
				ENABLE_TESTABILITY = YES;
				GCC_C_LANGUAGE_STANDARD = gnu11;
				GCC_DYNAMIC_NO_PIC = NO;
				GCC_NO_COMMON_BLOCKS = YES;
				GCC_OPTIMIZATION_LEVEL = 0;
				GCC_PREPROCESSOR_DEFINITIONS = (
					"DEBUG=1",
					"$(inherited)",
				);
				GCC_WARN_64_TO_32_BIT_CONVERSION = YES;
				GCC_WARN_ABOUT_RETURN_TYPE = YES_ERROR;
				GCC_WARN_UNDECLARED_SELECTOR = YES;
				GCC_WARN_UNINITIALIZED_AUTOS = YES_AGGRESSIVE;
				GCC_WARN_UNUSED_FUNCTION = YES;
				GCC_WARN_UNUSED_VARIABLE = YES;
				IPHONEOS_DEPLOYMENT_TARGET = 12.0;
				MTL_ENABLE_DEBUG_INFO = INCLUDE_SOURCE;
				MTL_FAST_MATH = YES;
				ONLY_ACTIVE_ARCH = YES;
				SDKROOT = iphoneos;
				SWIFT_ACTIVE_COMPILATION_CONDITIONS = DEBUG;
				SWIFT_OPTIMIZATION_LEVEL = "-Onone";
			};
			name = Debug;
		};
		88F49642218DA4BD00108415 /* Release */ = {
			isa = XCBuildConfiguration;
			buildSettings = {
				ALWAYS_SEARCH_USER_PATHS = NO;
				CLANG_ANALYZER_NONNULL = YES;
				CLANG_ANALYZER_NUMBER_OBJECT_CONVERSION = YES_AGGRESSIVE;
				CLANG_CXX_LANGUAGE_STANDARD = "gnu++14";
				CLANG_CXX_LIBRARY = "libc++";
				CLANG_ENABLE_MODULES = YES;
				CLANG_ENABLE_OBJC_ARC = YES;
				CLANG_ENABLE_OBJC_WEAK = YES;
				CLANG_WARN_BLOCK_CAPTURE_AUTORELEASING = YES;
				CLANG_WARN_BOOL_CONVERSION = YES;
				CLANG_WARN_COMMA = YES;
				CLANG_WARN_CONSTANT_CONVERSION = YES;
				CLANG_WARN_DEPRECATED_OBJC_IMPLEMENTATIONS = YES;
				CLANG_WARN_DIRECT_OBJC_ISA_USAGE = YES_ERROR;
				CLANG_WARN_DOCUMENTATION_COMMENTS = YES;
				CLANG_WARN_EMPTY_BODY = YES;
				CLANG_WARN_ENUM_CONVERSION = YES;
				CLANG_WARN_INFINITE_RECURSION = YES;
				CLANG_WARN_INT_CONVERSION = YES;
				CLANG_WARN_NON_LITERAL_NULL_CONVERSION = YES;
				CLANG_WARN_OBJC_IMPLICIT_RETAIN_SELF = YES;
				CLANG_WARN_OBJC_LITERAL_CONVERSION = YES;
				CLANG_WARN_OBJC_ROOT_CLASS = YES_ERROR;
				CLANG_WARN_RANGE_LOOP_ANALYSIS = YES;
				CLANG_WARN_STRICT_PROTOTYPES = YES;
				CLANG_WARN_SUSPICIOUS_MOVE = YES;
				CLANG_WARN_UNGUARDED_AVAILABILITY = YES_AGGRESSIVE;
				CLANG_WARN_UNREACHABLE_CODE = YES;
				CLANG_WARN__DUPLICATE_METHOD_MATCH = YES;
				CODE_SIGN_IDENTITY = "iPhone Developer";
				COPY_PHASE_STRIP = NO;
				DEBUG_INFORMATION_FORMAT = "dwarf-with-dsym";
				ENABLE_NS_ASSERTIONS = NO;
				ENABLE_STRICT_OBJC_MSGSEND = YES;
				GCC_C_LANGUAGE_STANDARD = gnu11;
				GCC_NO_COMMON_BLOCKS = YES;
				GCC_WARN_64_TO_32_BIT_CONVERSION = YES;
				GCC_WARN_ABOUT_RETURN_TYPE = YES_ERROR;
				GCC_WARN_UNDECLARED_SELECTOR = YES;
				GCC_WARN_UNINITIALIZED_AUTOS = YES_AGGRESSIVE;
				GCC_WARN_UNUSED_FUNCTION = YES;
				GCC_WARN_UNUSED_VARIABLE = YES;
				IPHONEOS_DEPLOYMENT_TARGET = 12.0;
				MTL_ENABLE_DEBUG_INFO = NO;
				MTL_FAST_MATH = YES;
				SDKROOT = iphoneos;
				SWIFT_COMPILATION_MODE = wholemodule;
				SWIFT_OPTIMIZATION_LEVEL = "-O";
				VALIDATE_PRODUCT = YES;
			};
			name = Release;
		};
		88F49644218DA4BD00108415 /* Debug */ = {
			isa = XCBuildConfiguration;
			baseConfigurationReference = 5E5007F2D2D0B70BA999FA97 /* Pods-Hackfest2018.debug.xcconfig */;
			buildSettings = {
				ASSETCATALOG_COMPILER_APPICON_NAME = AppIcon;
				CODE_SIGN_STYLE = Automatic;
				DEVELOPMENT_TEAM = NREEVV3BPE;
				INFOPLIST_FILE = Hackfest2018/Info.plist;
				LD_RUNPATH_SEARCH_PATHS = (
					"$(inherited)",
					"@executable_path/Frameworks",
				);
				PRODUCT_BUNDLE_IDENTIFIER = me.samulitamminen.Hackfest2018;
				PRODUCT_NAME = "$(TARGET_NAME)";
				SWIFT_VERSION = 4.2;
				TARGETED_DEVICE_FAMILY = "1,2";
			};
			name = Debug;
		};
		88F49645218DA4BD00108415 /* Release */ = {
			isa = XCBuildConfiguration;
			baseConfigurationReference = 96C13ADEAAA356774B54F994 /* Pods-Hackfest2018.release.xcconfig */;
			buildSettings = {
				ASSETCATALOG_COMPILER_APPICON_NAME = AppIcon;
				CODE_SIGN_STYLE = Automatic;
				DEVELOPMENT_TEAM = NREEVV3BPE;
				INFOPLIST_FILE = Hackfest2018/Info.plist;
				LD_RUNPATH_SEARCH_PATHS = (
					"$(inherited)",
					"@executable_path/Frameworks",
				);
				PRODUCT_BUNDLE_IDENTIFIER = me.samulitamminen.Hackfest2018;
				PRODUCT_NAME = "$(TARGET_NAME)";
				SWIFT_VERSION = 4.2;
				TARGETED_DEVICE_FAMILY = "1,2";
			};
			name = Release;
		};
/* End XCBuildConfiguration section */

/* Begin XCConfigurationList section */
		88F4962C218DA4BA00108415 /* Build configuration list for PBXProject "Hackfest2018" */ = {
			isa = XCConfigurationList;
			buildConfigurations = (
				88F49641218DA4BD00108415 /* Debug */,
				88F49642218DA4BD00108415 /* Release */,
			);
			defaultConfigurationIsVisible = 0;
			defaultConfigurationName = Release;
		};
		88F49643218DA4BD00108415 /* Build configuration list for PBXNativeTarget "Hackfest2018" */ = {
			isa = XCConfigurationList;
			buildConfigurations = (
				88F49644218DA4BD00108415 /* Debug */,
				88F49645218DA4BD00108415 /* Release */,
			);
			defaultConfigurationIsVisible = 0;
			defaultConfigurationName = Release;
		};
/* End XCConfigurationList section */
	};
	rootObject = 88F49629218DA4BA00108415 /* Project object */;
}
